
Microsoft Visual Studio Solution File, Format Version 12.00
# Visual Studio 15
Project("{FAE04EC0-301F-11D3-BF4B-00C04F79EFBC}") = "Assembly-CSharp", "Assembly-CSharp.csproj", "{CAAB9D37-F1C9-E80F-0463-0049CB35BE46}"
EndProject
Project("{FAE04EC0-301F-11D3-BF4B-00C04F79EFBC}") = "Assembly-CSharp-Editor-firstpass", "Assembly-CSharp-Editor-firstpass.csproj", "{44ED0E6A-74AC-14FD-3E3E-B93EF1FC902A}"
EndProject
Global
	GlobalSection(SolutionConfigurationPlatforms) = preSolution
		Debug|Any CPU = Debug|Any CPU
		Release|Any CPU = Release|Any CPU
	EndGlobalSection
	GlobalSection(ProjectConfigurationPlatforms) = postSolution
		{CAAB9D37-F1C9-E80F-0463-0049CB35BE46}.Debug|Any CPU.ActiveCfg = Debug|Any CPU
		{CAAB9D37-F1C9-E80F-0463-0049CB35BE46}.Debug|Any CPU.Build.0 = Debug|Any CPU
		{CAAB9D37-F1C9-E80F-0463-0049CB35BE46}.Release|Any CPU.ActiveCfg = Release|Any CPU
		{CAAB9D37-F1C9-E80F-0463-0049CB35BE46}.Release|Any CPU.Build.0 = Release|Any CPU
		{44ED0E6A-74AC-14FD-3E3E-B93EF1FC902A}.Debug|Any CPU.ActiveCfg = Debug|Any CPU
		{44ED0E6A-74AC-14FD-3E3E-B93EF1FC902A}.Debug|Any CPU.Build.0 = Debug|Any CPU
		{44ED0E6A-74AC-14FD-3E3E-B93EF1FC902A}.Release|Any CPU.ActiveCfg = Release|Any CPU
		{44ED0E6A-74AC-14FD-3E3E-B93EF1FC902A}.Release|Any CPU.Build.0 = Release|Any CPU
	EndGlobalSection
	GlobalSection(SolutionProperties) = preSolution
		HideSolutionNode = FALSE
	EndGlobalSection
EndGlobal
